
Microsoft Visual Studio Solution File, Format Version 12.00
# Visual Studio Version 16
VisualStudioVersion = 16.0.32106.194
MinimumVisualStudioVersion = 10.0.40219.1
Project("{FAE04EC0-301F-11D3-BF4B-00C04F79EFBC}") = "Practical_24", "Practical-24\Practical_24.csproj", "{C5BB9E1C-3149-498B-B0CA-8B6DD2563EA9}"
EndProject
Global
	GlobalSection(SolutionConfigurationPlatforms) = preSolution
		Debug|Any CPU = Debug|Any CPU
		Release|Any CPU = Release|Any CPU
	EndGlobalSection
	GlobalSection(ProjectConfigurationPlatforms) = postSolution
		{C5BB9E1C-3149-498B-B0CA-8B6DD2563EA9}.Debug|Any CPU.ActiveCfg = Debug|Any CPU
		{C5BB9E1C-3149-498B-B0CA-8B6DD2563EA9}.Debug|Any CPU.Build.0 = Debug|Any CPU
		{C5BB9E1C-3149-498B-B0CA-8B6DD2563EA9}.Release|Any CPU.ActiveCfg = Release|Any CPU
		{C5BB9E1C-3149-498B-B0CA-8B6DD2563EA9}.Release|Any CPU.Build.0 = Release|Any CPU
	EndGlobalSection
	GlobalSection(SolutionProperties) = preSolution
		HideSolutionNode = FALSE
	EndGlobalSection
	GlobalSection(ExtensibilityGlobals) = postSolution
		SolutionGuid = {CEE576D5-6D79-4E85-B5A3-846DCC52C212}
	EndGlobalSection
EndGlobal
