
Microsoft Visual Studio Solution File, Format Version 12.00
# Visual Studio Version 16
VisualStudioVersion = 16.0.32106.194
MinimumVisualStudioVersion = 10.0.40219.1
Project("{FAE04EC0-301F-11D3-BF4B-00C04F79EFBC}") = "Practical_22", "Practical_22\Practical_22.csproj", "{E9A77518-9F1D-4281-8CDC-7432924A7DB3}"
EndProject
Project("{FAE04EC0-301F-11D3-BF4B-00C04F79EFBC}") = "BAL", "DAL\BAL.csproj", "{8D10E42B-8488-41B1-8C2E-F7D419E75B07}"
EndProject
Project("{FAE04EC0-301F-11D3-BF4B-00C04F79EFBC}") = "BAL_AbstractFectory", "BAL_AbstractFectory\BAL_AbstractFectory.csproj", "{F451BEEA-5F73-49E7-832B-3E08C8C46E12}"
EndProject
Global
	GlobalSection(SolutionConfigurationPlatforms) = preSolution
		Debug|Any CPU = Debug|Any CPU
		Release|Any CPU = Release|Any CPU
	EndGlobalSection
	GlobalSection(ProjectConfigurationPlatforms) = postSolution
		{E9A77518-9F1D-4281-8CDC-7432924A7DB3}.Debug|Any CPU.ActiveCfg = Debug|Any CPU
		{E9A77518-9F1D-4281-8CDC-7432924A7DB3}.Debug|Any CPU.Build.0 = Debug|Any CPU
		{E9A77518-9F1D-4281-8CDC-7432924A7DB3}.Release|Any CPU.ActiveCfg = Release|Any CPU
		{E9A77518-9F1D-4281-8CDC-7432924A7DB3}.Release|Any CPU.Build.0 = Release|Any CPU
		{8D10E42B-8488-41B1-8C2E-F7D419E75B07}.Debug|Any CPU.ActiveCfg = Debug|Any CPU
		{8D10E42B-8488-41B1-8C2E-F7D419E75B07}.Debug|Any CPU.Build.0 = Debug|Any CPU
		{8D10E42B-8488-41B1-8C2E-F7D419E75B07}.Release|Any CPU.ActiveCfg = Release|Any CPU
		{8D10E42B-8488-41B1-8C2E-F7D419E75B07}.Release|Any CPU.Build.0 = Release|Any CPU
		{F451BEEA-5F73-49E7-832B-3E08C8C46E12}.Debug|Any CPU.ActiveCfg = Debug|Any CPU
		{F451BEEA-5F73-49E7-832B-3E08C8C46E12}.Debug|Any CPU.Build.0 = Debug|Any CPU
		{F451BEEA-5F73-49E7-832B-3E08C8C46E12}.Release|Any CPU.ActiveCfg = Release|Any CPU
		{F451BEEA-5F73-49E7-832B-3E08C8C46E12}.Release|Any CPU.Build.0 = Release|Any CPU
	EndGlobalSection
	GlobalSection(SolutionProperties) = preSolution
		HideSolutionNode = FALSE
	EndGlobalSection
	GlobalSection(ExtensibilityGlobals) = postSolution
		SolutionGuid = {ECCBBC48-3F42-443F-B82C-11F82B857E75}
	EndGlobalSection
EndGlobal
